
Microsoft Visual Studio Solution File, Format Version 12.00
# Visual Studio Version 17
VisualStudioVersion = 17.3.32929.385
MinimumVisualStudioVersion = 10.0.40219.1
Project("{54A90642-561A-4BB1-A94E-469ADEE60C69}") = "vuefrontend", "VueFrontEnd\vuefrontend.esproj", "{A3AC6BDE-3CFF-44DB-9450-09B2BD46E992}"
EndProject
Global
	GlobalSection(SolutionConfigurationPlatforms) = preSolution
		Debug|Any CPU = Debug|Any CPU
		Release|Any CPU = Release|Any CPU
	EndGlobalSection
	GlobalSection(ProjectConfigurationPlatforms) = postSolution
		{A3AC6BDE-3CFF-44DB-9450-09B2BD46E992}.Debug|Any CPU.ActiveCfg = Debug|Any CPU
		{A3AC6BDE-3CFF-44DB-9450-09B2BD46E992}.Debug|Any CPU.Build.0 = Debug|Any CPU
		{A3AC6BDE-3CFF-44DB-9450-09B2BD46E992}.Debug|Any CPU.Deploy.0 = Debug|Any CPU
		{A3AC6BDE-3CFF-44DB-9450-09B2BD46E992}.Release|Any CPU.ActiveCfg = Release|Any CPU
		{A3AC6BDE-3CFF-44DB-9450-09B2BD46E992}.Release|Any CPU.Build.0 = Release|Any CPU
		{A3AC6BDE-3CFF-44DB-9450-09B2BD46E992}.Release|Any CPU.Deploy.0 = Release|Any CPU
	EndGlobalSection
	GlobalSection(SolutionProperties) = preSolution
		HideSolutionNode = FALSE
	EndGlobalSection
	GlobalSection(ExtensibilityGlobals) = postSolution
		SolutionGuid = {DD88BCF0-4E5C-4701-8892-A30FE6FC3E67}
	EndGlobalSection
EndGlobal
