
Microsoft Visual Studio Solution File, Format Version 12.00
# Visual Studio Version 16
VisualStudioVersion = 16.0.30320.27
MinimumVisualStudioVersion = 10.0.40219.1
Project("{F184B08F-C81C-45F6-A57F-5ABD9991F28F}") = "WEB", "WEB\WEB.vbproj", "{005E8F80-A04C-4518-8AD2-4E7175DDDDAA}"
EndProject
Global
	GlobalSection(SolutionConfigurationPlatforms) = preSolution
		Debug|Any CPU = Debug|Any CPU
		Release|Any CPU = Release|Any CPU
	EndGlobalSection
	GlobalSection(ProjectConfigurationPlatforms) = postSolution
		{005E8F80-A04C-4518-8AD2-4E7175DDDDAA}.Debug|Any CPU.ActiveCfg = Debug|Any CPU
		{005E8F80-A04C-4518-8AD2-4E7175DDDDAA}.Debug|Any CPU.Build.0 = Debug|Any CPU
		{005E8F80-A04C-4518-8AD2-4E7175DDDDAA}.Release|Any CPU.ActiveCfg = Release|Any CPU
		{005E8F80-A04C-4518-8AD2-4E7175DDDDAA}.Release|Any CPU.Build.0 = Release|Any CPU
	EndGlobalSection
	GlobalSection(SolutionProperties) = preSolution
		HideSolutionNode = FALSE
	EndGlobalSection
	GlobalSection(ExtensibilityGlobals) = postSolution
		SolutionGuid = {F010D482-613F-4964-957D-69E159C8CDCC}
	EndGlobalSection
EndGlobal
